<?xml version="1.0" encoding="utf-8"?>
<Project ToolsVersion="4.0" xmlns="http://schemas.microsoft.com/developer/msbuild/2003">
  <ItemGroup>
    <Filter Include="Source Files">
      <UniqueIdentifier>{4FC737F1-C7A5-4376-A066-2A32D752A2FF}</UniqueIdentifier>
      <Extensions>cpp;c;cc;cxx;c++;cppm;ixx;def;odl;idl;hpj;bat;asm;asmx</Extensions>
    </Filter>
    <Filter Include="Header Files">
      <UniqueIdentifier>{93995380-89BD-4b04-88EB-625FBE52EBFB}</UniqueIdentifier>
      <Extensions>h;hh;hpp;hxx;h++;hm;inl;inc;ipp;xsd</Extensions>
    </Filter>
    <Filter Include="Resource Files">
      <UniqueIdentifier>{67DA6AB6-F800-4c08-8B7A-83BB121AAD01}</UniqueIdentifier>
      <Extensions>rc;ico;cur;bmp;dlg;rc2;rct;bin;rgs;gif;jpg;jpeg;jpe;resx;tiff;tif;png;wav;mfcribbon-ms</Extensions>
    </Filter>
  </ItemGroup>
  <ItemGroup>
    <ClCompile Include="CS449_HW2.cpp">
      <Filter>Source Files</Filter>
    </ClCompile>
    <ClCompile Include="ItemQ1.cpp">
      <Filter>Source Files</Filter>
    </ClCompile>
    <ClCompile Include="SaleQ1.cpp">
      <Filter>Source Files</Filter>
    </ClCompile>
    <ClCompile Include="ItemQ2.cpp">
      <Filter>Source Files</Filter>
    </ClCompile>
    <ClCompile Include="SaleQ2.cpp">
      <Filter>Source Files</Filter>
    </ClCompile>
    <ClCompile Include="Catch2Tests.cpp">
      <Filter>Source Files</Filter>
    </ClCompile>
    <ClCompile Include="ItemQ3.cpp">
      <Filter>Source Files</Filter>
    </ClCompile>
    <ClCompile Include="SaleQ3.cpp">
      <Filter>Source Files</Filter>
    </ClCompile>
    <ClCompile Include="SaleAbstractQ4.cpp">
      <Filter>Source Files</Filter>
    </ClCompile>
    <ClCompile Include="ItemQ4.cpp">
      <Filter>Source Files</Filter>
    </ClCompile>
    <ClCompile Include="seniorSaleQ4.cpp">
      <Filter>Source Files</Filter>
    </ClCompile>
    <ClCompile Include="standardSaleQ4.cpp">
      <Filter>Source Files</Filter>
    </ClCompile>
    <ClCompile Include="preferredSaleQ4.cpp">
      <Filter>Source Files</Filter>
    </ClCompile>
    <ClCompile Include="saleCreator.cpp">
      <Filter>Source Files</Filter>
    </ClCompile>
    <ClCompile Include="SaleAbstractQ5.cpp">
      <Filter>Source Files</Filter>
    </ClCompile>
    <ClCompile Include="saleCreatorQ5.cpp">
      <Filter>Source Files</Filter>
    </ClCompile>
    <ClCompile Include="seniorSaleQ5.cpp">
      <Filter>Source Files</Filter>
    </ClCompile>
    <ClCompile Include="preferredSaleQ5.cpp">
      <Filter>Source Files</Filter>
    </ClCompile>
    <ClCompile Include="standardSaleQ5.cpp">
      <Filter>Source Files</Filter>
    </ClCompile>
    <ClCompile Include="ItemQ5.cpp">
      <Filter>Source Files</Filter>
    </ClCompile>
  </ItemGroup>
  <ItemGroup>
    <ClInclude Include="catch.hpp">
      <Filter>Header Files</Filter>
    </ClInclude>
    <ClInclude Include="ItemQ1.h">
      <Filter>Header Files</Filter>
    </ClInclude>
    <ClInclude Include="SaleQ1.h">
      <Filter>Header Files</Filter>
    </ClInclude>
    <ClInclude Include="ItemQ2.h">
      <Filter>Header Files</Filter>
    </ClInclude>
    <ClInclude Include="SaleQ2.h">
      <Filter>Header Files</Filter>
    </ClInclude>
    <ClInclude Include="Enum.h">
      <Filter>Header Files</Filter>
    </ClInclude>
    <ClInclude Include="ItemQ3.h">
      <Filter>Header Files</Filter>
    </ClInclude>
    <ClInclude Include="SaleQ3.h">
      <Filter>Header Files</Filter>
    </ClInclude>
    <ClInclude Include="SaleAbstractQ4.h">
      <Filter>Header Files</Filter>
    </ClInclude>
    <ClInclude Include="ItemQ4.h">
      <Filter>Header Files</Filter>
    </ClInclude>
    <ClInclude Include="seniorSaleQ4.h">
      <Filter>Header Files</Filter>
    </ClInclude>
    <ClInclude Include="standardSaleQ4.h">
      <Filter>Header Files</Filter>
    </ClInclude>
    <ClInclude Include="preferredSaleQ4.h">
      <Filter>Header Files</Filter>
    </ClInclude>
    <ClInclude Include="saleCreator.h">
      <Filter>Header Files</Filter>
    </ClInclude>
    <ClInclude Include="SaleAbstractQ5.h">
      <Filter>Header Files</Filter>
    </ClInclude>
    <ClInclude Include="saleCreatorQ5.h">
      <Filter>Header Files</Filter>
    </ClInclude>
    <ClInclude Include="seniorSaleQ5.h">
      <Filter>Header Files</Filter>
    </ClInclude>
    <ClInclude Include="preferredSaleQ5.h">
      <Filter>Header Files</Filter>
    </ClInclude>
    <ClInclude Include="standardSaleQ5.h">
      <Filter>Header Files</Filter>
    </ClInclude>
    <ClInclude Include="ItemQ5.h">
      <Filter>Header Files</Filter>
    </ClInclude>
  </ItemGroup>
</Project>